
Microsoft Visual Studio Solution File, Format Version 12.00
# Visual Studio Version 17
VisualStudioVersion = 17.14.36109.1
MinimumVisualStudioVersion = 10.0.40219.1
Project("{FAE04EC0-301F-11D3-BF4B-00C04F79EFBC}") = "Api_Test", "Api_Test.csproj", "{4522C2AB-A951-460A-AE24-965702D9ACD8}"
EndProject
Project("{FAE04EC0-301F-11D3-BF4B-00C04F79EFBC}") = "Tests_Api", "..\Tests_Api\Tests_Api.csproj", "{B8FD7697-D218-4381-9676-CA70A866711B}"
EndProject
Global
	GlobalSection(SolutionConfigurationPlatforms) = preSolution
		Debug|Any CPU = Debug|Any CPU
		Release|Any CPU = Release|Any CPU
	EndGlobalSection
	GlobalSection(ProjectConfigurationPlatforms) = postSolution
		{4522C2AB-A951-460A-AE24-965702D9ACD8}.Debug|Any CPU.ActiveCfg = Debug|Any CPU
		{4522C2AB-A951-460A-AE24-965702D9ACD8}.Debug|Any CPU.Build.0 = Debug|Any CPU
		{4522C2AB-A951-460A-AE24-965702D9ACD8}.Release|Any CPU.ActiveCfg = Release|Any CPU
		{4522C2AB-A951-460A-AE24-965702D9ACD8}.Release|Any CPU.Build.0 = Release|Any CPU
		{B8FD7697-D218-4381-9676-CA70A866711B}.Debug|Any CPU.ActiveCfg = Debug|Any CPU
		{B8FD7697-D218-4381-9676-CA70A866711B}.Debug|Any CPU.Build.0 = Debug|Any CPU
		{B8FD7697-D218-4381-9676-CA70A866711B}.Release|Any CPU.ActiveCfg = Release|Any CPU
		{B8FD7697-D218-4381-9676-CA70A866711B}.Release|Any CPU.Build.0 = Release|Any CPU
	EndGlobalSection
	GlobalSection(SolutionProperties) = preSolution
		HideSolutionNode = FALSE
	EndGlobalSection
	GlobalSection(ExtensibilityGlobals) = postSolution
		SolutionGuid = {10FBC0F5-208D-4252-BA56-9C82004C7ECB}
	EndGlobalSection
EndGlobal
